
Microsoft Visual Studio Solution File, Format Version 12.00
Project("{FAE04EC0-301F-11D3-BF4B-00C04F79EFBC}") = "Tests", "Tests\Tests.csproj", "{8E7A0D84-BA04-4055-9F1D-C401F565D8D6}"
EndProject
Project("{FAE04EC0-301F-11D3-BF4B-00C04F79EFBC}") = "Lib", "Lib\Lib.csproj", "{07AFB57B-0422-4C99-89EC-5998828FCA43}"
EndProject
Global
	GlobalSection(SolutionConfigurationPlatforms) = preSolution
		Debug|Any CPU = Debug|Any CPU
		Release|Any CPU = Release|Any CPU
	EndGlobalSection
	GlobalSection(ProjectConfigurationPlatforms) = postSolution
		{8E7A0D84-BA04-4055-9F1D-C401F565D8D6}.Debug|Any CPU.ActiveCfg = Debug|Any CPU
		{8E7A0D84-BA04-4055-9F1D-C401F565D8D6}.Debug|Any CPU.Build.0 = Debug|Any CPU
		{8E7A0D84-BA04-4055-9F1D-C401F565D8D6}.Release|Any CPU.ActiveCfg = Release|Any CPU
		{8E7A0D84-BA04-4055-9F1D-C401F565D8D6}.Release|Any CPU.Build.0 = Release|Any CPU
		{07AFB57B-0422-4C99-89EC-5998828FCA43}.Debug|Any CPU.ActiveCfg = Debug|Any CPU
		{07AFB57B-0422-4C99-89EC-5998828FCA43}.Debug|Any CPU.Build.0 = Debug|Any CPU
		{07AFB57B-0422-4C99-89EC-5998828FCA43}.Release|Any CPU.ActiveCfg = Release|Any CPU
		{07AFB57B-0422-4C99-89EC-5998828FCA43}.Release|Any CPU.Build.0 = Release|Any CPU
	EndGlobalSection
EndGlobal
